
Microsoft Visual Studio Solution File, Format Version 11.00
# Visual Studio 2010
Project("{FAE04EC0-301F-11D3-BF4B-00C04F79EFBC}") = "Data recall", "Data recall\Data recall.csproj", "{DE7F4ACF-C15F-47B5-A672-8D13F9343497}"
EndProject
Global
	GlobalSection(SolutionConfigurationPlatforms) = preSolution
		Debug|x86 = Debug|x86
		Release|x86 = Release|x86
	EndGlobalSection
	GlobalSection(ProjectConfigurationPlatforms) = postSolution
		{DE7F4ACF-C15F-47B5-A672-8D13F9343497}.Debug|x86.ActiveCfg = Debug|x86
		{DE7F4ACF-C15F-47B5-A672-8D13F9343497}.Debug|x86.Build.0 = Debug|x86
		{DE7F4ACF-C15F-47B5-A672-8D13F9343497}.Release|x86.ActiveCfg = Release|x86
		{DE7F4ACF-C15F-47B5-A672-8D13F9343497}.Release|x86.Build.0 = Release|x86
	EndGlobalSection
	GlobalSection(SolutionProperties) = preSolution
		HideSolutionNode = FALSE
	EndGlobalSection
EndGlobal
