
Microsoft Visual Studio Solution File, Format Version 11.00
# Visual Studio 2010
Project("{FAE04EC0-301F-11D3-BF4B-00C04F79EFBC}") = "waqar bhai lab test new", "waqar bhai lab test new\waqar bhai lab test new.csproj", "{210EB60B-BC03-4DAA-A489-4B80D90F0AE5}"
EndProject
Global
	GlobalSection(SolutionConfigurationPlatforms) = preSolution
		Debug|x86 = Debug|x86
		Release|x86 = Release|x86
	EndGlobalSection
	GlobalSection(ProjectConfigurationPlatforms) = postSolution
		{210EB60B-BC03-4DAA-A489-4B80D90F0AE5}.Debug|x86.ActiveCfg = Debug|x86
		{210EB60B-BC03-4DAA-A489-4B80D90F0AE5}.Debug|x86.Build.0 = Debug|x86
		{210EB60B-BC03-4DAA-A489-4B80D90F0AE5}.Release|x86.ActiveCfg = Release|x86
		{210EB60B-BC03-4DAA-A489-4B80D90F0AE5}.Release|x86.Build.0 = Release|x86
	EndGlobalSection
	GlobalSection(SolutionProperties) = preSolution
		HideSolutionNode = FALSE
	EndGlobalSection
EndGlobal
