
Microsoft Visual Studio Solution File, Format Version 11.00
# Visual Studio 2010
Project("{FAE04EC0-301F-11D3-BF4B-00C04F79EFBC}") = "marksheet by ayesha", "marksheet by ayesha\marksheet by ayesha.csproj", "{590ED770-58BC-45AD-9822-3C23AFD7CD55}"
EndProject
Global
	GlobalSection(SolutionConfigurationPlatforms) = preSolution
		Debug|x86 = Debug|x86
		Release|x86 = Release|x86
	EndGlobalSection
	GlobalSection(ProjectConfigurationPlatforms) = postSolution
		{590ED770-58BC-45AD-9822-3C23AFD7CD55}.Debug|x86.ActiveCfg = Debug|x86
		{590ED770-58BC-45AD-9822-3C23AFD7CD55}.Debug|x86.Build.0 = Debug|x86
		{590ED770-58BC-45AD-9822-3C23AFD7CD55}.Release|x86.ActiveCfg = Release|x86
		{590ED770-58BC-45AD-9822-3C23AFD7CD55}.Release|x86.Build.0 = Release|x86
	EndGlobalSection
	GlobalSection(SolutionProperties) = preSolution
		HideSolutionNode = FALSE
	EndGlobalSection
EndGlobal
