
Microsoft Visual Studio Solution File, Format Version 11.00
# Visual Studio 2010
Project("{FAE04EC0-301F-11D3-BF4B-00C04F79EFBC}") = "number diamon", "number diamon\number diamon.csproj", "{71C03F54-7A48-4924-B349-09E1B453126C}"
EndProject
Global
	GlobalSection(SolutionConfigurationPlatforms) = preSolution
		Debug|x86 = Debug|x86
		Release|x86 = Release|x86
	EndGlobalSection
	GlobalSection(ProjectConfigurationPlatforms) = postSolution
		{71C03F54-7A48-4924-B349-09E1B453126C}.Debug|x86.ActiveCfg = Debug|x86
		{71C03F54-7A48-4924-B349-09E1B453126C}.Debug|x86.Build.0 = Debug|x86
		{71C03F54-7A48-4924-B349-09E1B453126C}.Release|x86.ActiveCfg = Release|x86
		{71C03F54-7A48-4924-B349-09E1B453126C}.Release|x86.Build.0 = Release|x86
	EndGlobalSection
	GlobalSection(SolutionProperties) = preSolution
		HideSolutionNode = FALSE
	EndGlobalSection
EndGlobal
